{
  "name": "fmh_android_15_03_24",
  "lockfileVersion": 3,
  "requires": true,
  "packages": {
    "": {
      "devDependencies": {
        "allure-commandline": "^2.33.0"
      }
    },
    "node_modules/allure-commandline": {
      "version": "2.33.0",
      "resolved": "https://registry.npmjs.org/allure-commandline/-/allure-commandline-2.33.0.tgz",
      "integrity": "sha512-oGMW1Zaqd9SqYJHUqeET1AP363guQkswnCKD+6jSX9YCK8BbttSqZJy9PeSmJtU16uW3qGB6cvgrvJwKUWG5Ew==",
      "dev": true,
      "bin": {
        "allure": "bin/allure"
      }
    }
  }
}
